
Microsoft Visual Studio Solution File, Format Version 12.00
# Visual Studio 15
VisualStudioVersion = 15.0.28307.168
MinimumVisualStudioVersion = 10.0.40219.1
Project("{9A19103F-16F7-4668-BE54-9A1E7A4F7556}") = "CodeDi", "CodeDI\CodeDi.csproj", "{83FCE431-7D8D-4B29-A9BB-5123E77A1416}"
EndProject
Project("{9A19103F-16F7-4668-BE54-9A1E7A4F7556}") = "Sample", "Sample\Sample.csproj", "{2A14519D-B4A3-43CC-9F1F-5A9B36CCEC2B}"
EndProject
Project("{9A19103F-16F7-4668-BE54-9A1E7A4F7556}") = "UnitTest", "UnitTest\UnitTest.csproj", "{FCC92E97-0C73-48DE-9B50-D00F5DD6E035}"
EndProject
Global
	GlobalSection(SolutionConfigurationPlatforms) = preSolution
		Debug|Any CPU = Debug|Any CPU
		Release|Any CPU = Release|Any CPU
	EndGlobalSection
	GlobalSection(ProjectConfigurationPlatforms) = postSolution
		{83FCE431-7D8D-4B29-A9BB-5123E77A1416}.Debug|Any CPU.ActiveCfg = Debug|Any CPU
		{83FCE431-7D8D-4B29-A9BB-5123E77A1416}.Debug|Any CPU.Build.0 = Debug|Any CPU
		{83FCE431-7D8D-4B29-A9BB-5123E77A1416}.Release|Any CPU.ActiveCfg = Release|Any CPU
		{83FCE431-7D8D-4B29-A9BB-5123E77A1416}.Release|Any CPU.Build.0 = Release|Any CPU
		{2A14519D-B4A3-43CC-9F1F-5A9B36CCEC2B}.Debug|Any CPU.ActiveCfg = Debug|Any CPU
		{2A14519D-B4A3-43CC-9F1F-5A9B36CCEC2B}.Debug|Any CPU.Build.0 = Debug|Any CPU
		{2A14519D-B4A3-43CC-9F1F-5A9B36CCEC2B}.Release|Any CPU.ActiveCfg = Release|Any CPU
		{2A14519D-B4A3-43CC-9F1F-5A9B36CCEC2B}.Release|Any CPU.Build.0 = Release|Any CPU
		{FCC92E97-0C73-48DE-9B50-D00F5DD6E035}.Debug|Any CPU.ActiveCfg = Debug|Any CPU
		{FCC92E97-0C73-48DE-9B50-D00F5DD6E035}.Debug|Any CPU.Build.0 = Debug|Any CPU
		{FCC92E97-0C73-48DE-9B50-D00F5DD6E035}.Release|Any CPU.ActiveCfg = Release|Any CPU
		{FCC92E97-0C73-48DE-9B50-D00F5DD6E035}.Release|Any CPU.Build.0 = Release|Any CPU
	EndGlobalSection
	GlobalSection(SolutionProperties) = preSolution
		HideSolutionNode = FALSE
	EndGlobalSection
	GlobalSection(ExtensibilityGlobals) = postSolution
		SolutionGuid = {B4C31BB6-5985-4E75-BAB7-87B7F3E8B7F8}
	EndGlobalSection
EndGlobal
